
Microsoft Visual Studio Solution File, Format Version 12.00
# Visual Studio Version 17
VisualStudioVersion = 17.6.33829.357
MinimumVisualStudioVersion = 10.0.40219.1
Project("{FAE04EC0-301F-11D3-BF4B-00C04F79EFBC}") = "MoviesAPI", "MoviesAPI.csproj", "{BE7C8FD4-85B1-475F-A84F-7D1C6BAADDDC}"
EndProject
Global
	GlobalSection(SolutionConfigurationPlatforms) = preSolution
		Debug|Any CPU = Debug|Any CPU
		Release|Any CPU = Release|Any CPU
	EndGlobalSection
	GlobalSection(ProjectConfigurationPlatforms) = postSolution
		{BE7C8FD4-85B1-475F-A84F-7D1C6BAADDDC}.Debug|Any CPU.ActiveCfg = Debug|Any CPU
		{BE7C8FD4-85B1-475F-A84F-7D1C6BAADDDC}.Debug|Any CPU.Build.0 = Debug|Any CPU
		{BE7C8FD4-85B1-475F-A84F-7D1C6BAADDDC}.Release|Any CPU.ActiveCfg = Release|Any CPU
		{BE7C8FD4-85B1-475F-A84F-7D1C6BAADDDC}.Release|Any CPU.Build.0 = Release|Any CPU
	EndGlobalSection
	GlobalSection(SolutionProperties) = preSolution
		HideSolutionNode = FALSE
	EndGlobalSection
	GlobalSection(ExtensibilityGlobals) = postSolution
		SolutionGuid = {4450B607-0EDC-4869-9051-6B2B0B7165C7}
	EndGlobalSection
EndGlobal
